{
  "requires": true,
  "lockfileVersion": 1,
  "dependencies": {
    "mini-antui": {
      "version": "0.4.18",
      "resolved": "https://registry.npmjs.org/mini-antui/-/mini-antui-0.4.18.tgz",
      "integrity": "sha512-7Wm1xiyDmsUbYjUGf88mSBZTaM4+NFfxYQi3v7FJkgS8xH7XWU3orPbiDHgLGmE5TIkP5eRCc2nzWp7flH+wxQ=="
    }
  }
}
